// !$*UTF8*$!
{
	archiveVersion = 1;
	classes = {
	};
	objectVersion = 56;
	objects = {

/* Begin PBXBuildFile section */
		1F10CB612B076315009F51D5 /* CharacterFake.swift in Sources */ = {isa = PBXBuildFile; fileRef = 1F10CB602B076315009F51D5 /* CharacterFake.swift */; };
		1F2DD9042B0942560070D95D /* ViewInspector in Frameworks */ = {isa = PBXBuildFile; productRef = 1F2DD9032B0942560070D95D /* ViewInspector */; };
		1F2DD9062B09548D0070D95D /* PrincipalSeriesView.swift in Sources */ = {isa = PBXBuildFile; fileRef = 1F2DD9052B09548D0070D95D /* PrincipalSeriesView.swift */; };
		1FD8122A2B08B8F7009886A9 /* CharactersUseCase.swift in Sources */ = {isa = PBXBuildFile; fileRef = 1FD812292B08B8F7009886A9 /* CharactersUseCase.swift */; };
		1FD8122C2B08E1D1009886A9 /* ViewModelsTest.swift in Sources */ = {isa = PBXBuildFile; fileRef = 1FD8122B2B08E1D1009886A9 /* ViewModelsTest.swift */; };
		1FD8122E2B08E62C009886A9 /* SeriesUseCase.swift in Sources */ = {isa = PBXBuildFile; fileRef = 1FD8122D2B08E62C009886A9 /* SeriesUseCase.swift */; };
		1FD812302B092868009886A9 /* UIViewTest.swift in Sources */ = {isa = PBXBuildFile; fileRef = 1FD8122F2B092868009886A9 /* UIViewTest.swift */; };
		1FD812352B092C5F009886A9 /* LaunchView.swift in Sources */ = {isa = PBXBuildFile; fileRef = 1FD812342B092C5F009886A9 /* LaunchView.swift */; };
		1FDC49602B0639B200A78513 /* AppSwifUIInmaBautistaApp.swift in Sources */ = {isa = PBXBuildFile; fileRef = 1FDC495F2B0639B200A78513 /* AppSwifUIInmaBautistaApp.swift */; };
		1FDC49642B0639B400A78513 /* Assets.xcassets in Resources */ = {isa = PBXBuildFile; fileRef = 1FDC49632B0639B400A78513 /* Assets.xcassets */; };
		1FDC49682B0639B400A78513 /* Preview Assets.xcassets in Resources */ = {isa = PBXBuildFile; fileRef = 1FDC49672B0639B400A78513 /* Preview Assets.xcassets */; };
		1FDC49722B0639B500A78513 /* ModelsTests.swift in Sources */ = {isa = PBXBuildFile; fileRef = 1FDC49712B0639B500A78513 /* ModelsTests.swift */; };
		1FDC49922B063D7700A78513 /* LoaderView.swift in Sources */ = {isa = PBXBuildFile; fileRef = 1FDC49912B063D7700A78513 /* LoaderView.swift */; };
		1FDC49942B063D8800A78513 /* ErrorView.swift in Sources */ = {isa = PBXBuildFile; fileRef = 1FDC49932B063D8800A78513 /* ErrorView.swift */; };
		1FDC49972B063FC100A78513 /* CharactersView.swift in Sources */ = {isa = PBXBuildFile; fileRef = 1FDC49962B063FC100A78513 /* CharactersView.swift */; };
		1FDC49992B063FF800A78513 /* CharacterRowView.swift in Sources */ = {isa = PBXBuildFile; fileRef = 1FDC49982B063FF800A78513 /* CharacterRowView.swift */; };
		1FDC499B2B06401C00A78513 /* RootViewModel.swift in Sources */ = {isa = PBXBuildFile; fileRef = 1FDC499A2B06401C00A78513 /* RootViewModel.swift */; };
		1FDC499D2B06403600A78513 /* SeriesViewModel.swift in Sources */ = {isa = PBXBuildFile; fileRef = 1FDC499C2B06403600A78513 /* SeriesViewModel.swift */; };
		1FDC499F2B06407200A78513 /* BaseNetwork.swift in Sources */ = {isa = PBXBuildFile; fileRef = 1FDC499E2B06407200A78513 /* BaseNetwork.swift */; };
		1FDC49A12B06408400A78513 /* Networker.swift in Sources */ = {isa = PBXBuildFile; fileRef = 1FDC49A02B06408400A78513 /* Networker.swift */; };
		1FDC49A32B064A1600A78513 /* CharacterModel.swift in Sources */ = {isa = PBXBuildFile; fileRef = 1FDC49A22B064A1600A78513 /* CharacterModel.swift */; };
		1FDC49A52B066F4900A78513 /* RootView.swift in Sources */ = {isa = PBXBuildFile; fileRef = 1FDC49A42B066F4900A78513 /* RootView.swift */; };
		1FDC49A72B066FC600A78513 /* StatusModel.swift in Sources */ = {isa = PBXBuildFile; fileRef = 1FDC49A62B066FC600A78513 /* StatusModel.swift */; };
		1FE2BFA52B07EAB300EB71C1 /* SeriesView.swift in Sources */ = {isa = PBXBuildFile; fileRef = 1FE2BFA42B07EAB300EB71C1 /* SeriesView.swift */; };
		1FE2BFA72B07EAC600EB71C1 /* SeriesRowView.swift in Sources */ = {isa = PBXBuildFile; fileRef = 1FE2BFA62B07EAC600EB71C1 /* SeriesRowView.swift */; };
		1FE2BFA92B07EF3500EB71C1 /* SerieModel.swift in Sources */ = {isa = PBXBuildFile; fileRef = 1FE2BFA82B07EF3500EB71C1 /* SerieModel.swift */; };
		1FE2BFAB2B07F16700EB71C1 /* ResponseModel.swift in Sources */ = {isa = PBXBuildFile; fileRef = 1FE2BFAA2B07F16700EB71C1 /* ResponseModel.swift */; };
		1FE2BFAD2B07F1CC00EB71C1 /* ThumbnailModel.swift in Sources */ = {isa = PBXBuildFile; fileRef = 1FE2BFAC2B07F1CC00EB71C1 /* ThumbnailModel.swift */; };
		1FE2BFB12B07F4BB00EB71C1 /* SeriesFake.swift in Sources */ = {isa = PBXBuildFile; fileRef = 1FE2BFB02B07F4BB00EB71C1 /* SeriesFake.swift */; };
/* End PBXBuildFile section */

/* Begin PBXContainerItemProxy section */
		1FDC496E2B0639B500A78513 /* PBXContainerItemProxy */ = {
			isa = PBXContainerItemProxy;
			containerPortal = 1FDC49542B0639B100A78513 /* Project object */;
			proxyType = 1;
			remoteGlobalIDString = 1FDC495B2B0639B200A78513;
			remoteInfo = AppSwifUIInmaBautista;
		};
/* End PBXContainerItemProxy section */

/* Begin PBXFileReference section */
		1F10CB602B076315009F51D5 /* CharacterFake.swift */ = {isa = PBXFileReference; lastKnownFileType = sourcecode.swift; path = CharacterFake.swift; sourceTree = "<group>"; };
		1F2DD9052B09548D0070D95D /* PrincipalSeriesView.swift */ = {isa = PBXFileReference; lastKnownFileType = sourcecode.swift; path = PrincipalSeriesView.swift; sourceTree = "<group>"; };
		1FD812292B08B8F7009886A9 /* CharactersUseCase.swift */ = {isa = PBXFileReference; lastKnownFileType = sourcecode.swift; path = CharactersUseCase.swift; sourceTree = "<group>"; };
		1FD8122B2B08E1D1009886A9 /* ViewModelsTest.swift */ = {isa = PBXFileReference; lastKnownFileType = sourcecode.swift; path = ViewModelsTest.swift; sourceTree = "<group>"; };
		1FD8122D2B08E62C009886A9 /* SeriesUseCase.swift */ = {isa = PBXFileReference; lastKnownFileType = sourcecode.swift; path = SeriesUseCase.swift; sourceTree = "<group>"; };
		1FD8122F2B092868009886A9 /* UIViewTest.swift */ = {isa = PBXFileReference; lastKnownFileType = sourcecode.swift; path = UIViewTest.swift; sourceTree = "<group>"; };
		1FD812342B092C5F009886A9 /* LaunchView.swift */ = {isa = PBXFileReference; lastKnownFileType = sourcecode.swift; path = LaunchView.swift; sourceTree = "<group>"; };
		1FDC495C2B0639B200A78513 /* AppSwifUIInmaBautista.app */ = {isa = PBXFileReference; explicitFileType = wrapper.application; includeInIndex = 0; path = AppSwifUIInmaBautista.app; sourceTree = BUILT_PRODUCTS_DIR; };
		1FDC495F2B0639B200A78513 /* AppSwifUIInmaBautistaApp.swift */ = {isa = PBXFileReference; lastKnownFileType = sourcecode.swift; path = AppSwifUIInmaBautistaApp.swift; sourceTree = "<group>"; };
		1FDC49632B0639B400A78513 /* Assets.xcassets */ = {isa = PBXFileReference; lastKnownFileType = folder.assetcatalog; path = Assets.xcassets; sourceTree = "<group>"; };
		1FDC49652B0639B400A78513 /* AppSwifUIInmaBautista.entitlements */ = {isa = PBXFileReference; lastKnownFileType = text.plist.entitlements; path = AppSwifUIInmaBautista.entitlements; sourceTree = "<group>"; };
		1FDC49672B0639B400A78513 /* Preview Assets.xcassets */ = {isa = PBXFileReference; lastKnownFileType = folder.assetcatalog; path = "Preview Assets.xcassets"; sourceTree = "<group>"; };
		1FDC496D2B0639B500A78513 /* AppSwifUIInmaBautistaTests.xctest */ = {isa = PBXFileReference; explicitFileType = wrapper.cfbundle; includeInIndex = 0; path = AppSwifUIInmaBautistaTests.xctest; sourceTree = BUILT_PRODUCTS_DIR; };
		1FDC49712B0639B500A78513 /* ModelsTests.swift */ = {isa = PBXFileReference; lastKnownFileType = sourcecode.swift; path = ModelsTests.swift; sourceTree = "<group>"; };
		1FDC498A2B063AEC00A78513 /* Info.plist */ = {isa = PBXFileReference; lastKnownFileType = text.plist; path = Info.plist; sourceTree = "<group>"; };
		1FDC49912B063D7700A78513 /* LoaderView.swift */ = {isa = PBXFileReference; lastKnownFileType = sourcecode.swift; path = LoaderView.swift; sourceTree = "<group>"; };
		1FDC49932B063D8800A78513 /* ErrorView.swift */ = {isa = PBXFileReference; lastKnownFileType = sourcecode.swift; path = ErrorView.swift; sourceTree = "<group>"; };
		1FDC49962B063FC100A78513 /* CharactersView.swift */ = {isa = PBXFileReference; lastKnownFileType = sourcecode.swift; path = CharactersView.swift; sourceTree = "<group>"; };
		1FDC49982B063FF800A78513 /* CharacterRowView.swift */ = {isa = PBXFileReference; lastKnownFileType = sourcecode.swift; path = CharacterRowView.swift; sourceTree = "<group>"; };
		1FDC499A2B06401C00A78513 /* RootViewModel.swift */ = {isa = PBXFileReference; lastKnownFileType = sourcecode.swift; path = RootViewModel.swift; sourceTree = "<group>"; };
		1FDC499C2B06403600A78513 /* SeriesViewModel.swift */ = {isa = PBXFileReference; lastKnownFileType = sourcecode.swift; path = SeriesViewModel.swift; sourceTree = "<group>"; };
		1FDC499E2B06407200A78513 /* BaseNetwork.swift */ = {isa = PBXFileReference; lastKnownFileType = sourcecode.swift; path = BaseNetwork.swift; sourceTree = "<group>"; };
		1FDC49A02B06408400A78513 /* Networker.swift */ = {isa = PBXFileReference; lastKnownFileType = sourcecode.swift; path = Networker.swift; sourceTree = "<group>"; };
		1FDC49A22B064A1600A78513 /* CharacterModel.swift */ = {isa = PBXFileReference; lastKnownFileType = sourcecode.swift; path = CharacterModel.swift; sourceTree = "<group>"; };
		1FDC49A42B066F4900A78513 /* RootView.swift */ = {isa = PBXFileReference; lastKnownFileType = sourcecode.swift; path = RootView.swift; sourceTree = "<group>"; };
		1FDC49A62B066FC600A78513 /* StatusModel.swift */ = {isa = PBXFileReference; lastKnownFileType = sourcecode.swift; path = StatusModel.swift; sourceTree = "<group>"; };
		1FE2BFA42B07EAB300EB71C1 /* SeriesView.swift */ = {isa = PBXFileReference; lastKnownFileType = sourcecode.swift; path = SeriesView.swift; sourceTree = "<group>"; };
		1FE2BFA62B07EAC600EB71C1 /* SeriesRowView.swift */ = {isa = PBXFileReference; lastKnownFileType = sourcecode.swift; path = SeriesRowView.swift; sourceTree = "<group>"; };
		1FE2BFA82B07EF3500EB71C1 /* SerieModel.swift */ = {isa = PBXFileReference; lastKnownFileType = sourcecode.swift; path = SerieModel.swift; sourceTree = "<group>"; };
		1FE2BFAA2B07F16700EB71C1 /* ResponseModel.swift */ = {isa = PBXFileReference; lastKnownFileType = sourcecode.swift; path = ResponseModel.swift; sourceTree = "<group>"; };
		1FE2BFAC2B07F1CC00EB71C1 /* ThumbnailModel.swift */ = {isa = PBXFileReference; lastKnownFileType = sourcecode.swift; path = ThumbnailModel.swift; sourceTree = "<group>"; };
		1FE2BFB02B07F4BB00EB71C1 /* SeriesFake.swift */ = {isa = PBXFileReference; lastKnownFileType = sourcecode.swift; path = SeriesFake.swift; sourceTree = "<group>"; };
/* End PBXFileReference section */

/* Begin PBXFrameworksBuildPhase section */
		1FDC49592B0639B200A78513 /* Frameworks */ = {
			isa = PBXFrameworksBuildPhase;
			buildActionMask = 2147483647;
			files = (
			);
			runOnlyForDeploymentPostprocessing = 0;
		};
		1FDC496A2B0639B500A78513 /* Frameworks */ = {
			isa = PBXFrameworksBuildPhase;
			buildActionMask = 2147483647;
			files = (
				1F2DD9042B0942560070D95D /* ViewInspector in Frameworks */,
			);
			runOnlyForDeploymentPostprocessing = 0;
		};
/* End PBXFrameworksBuildPhase section */

/* Begin PBXGroup section */
		1FC41E822B0A78030077FE91 /* ViewTests */ = {
			isa = PBXGroup;
			children = (
				1FD8122F2B092868009886A9 /* UIViewTest.swift */,
			);
			path = ViewTests;
			sourceTree = "<group>";
		};
		1FDC49532B0639B100A78513 = {
			isa = PBXGroup;
			children = (
				1FDC495E2B0639B200A78513 /* AppSwifUIInmaBautista */,
				1FDC49702B0639B500A78513 /* AppSwifUIInmaBautistaTests */,
				1FDC495D2B0639B200A78513 /* Products */,
			);
			sourceTree = "<group>";
		};
		1FDC495D2B0639B200A78513 /* Products */ = {
			isa = PBXGroup;
			children = (
				1FDC495C2B0639B200A78513 /* AppSwifUIInmaBautista.app */,
				1FDC496D2B0639B500A78513 /* AppSwifUIInmaBautistaTests.xctest */,
			);
			name = Products;
			sourceTree = "<group>";
		};
		1FDC495E2B0639B200A78513 /* AppSwifUIInmaBautista */ = {
			isa = PBXGroup;
			children = (
				1FDC49A92B06740800A78513 /* Presentation */,
				1FDC49AA2B06741800A78513 /* Domain */,
				1FDC49AE2B06746E00A78513 /* Data */,
				1FDC498A2B063AEC00A78513 /* Info.plist */,
				1FDC495F2B0639B200A78513 /* AppSwifUIInmaBautistaApp.swift */,
				1FDC49632B0639B400A78513 /* Assets.xcassets */,
				1FDC49652B0639B400A78513 /* AppSwifUIInmaBautista.entitlements */,
				1FDC49662B0639B400A78513 /* Preview Content */,
			);
			path = AppSwifUIInmaBautista;
			sourceTree = "<group>";
		};
		1FDC49662B0639B400A78513 /* Preview Content */ = {
			isa = PBXGroup;
			children = (
				1FDC49672B0639B400A78513 /* Preview Assets.xcassets */,
			);
			path = "Preview Content";
			sourceTree = "<group>";
		};
		1FDC49702B0639B500A78513 /* AppSwifUIInmaBautistaTests */ = {
			isa = PBXGroup;
			children = (
				1FC41E822B0A78030077FE91 /* ViewTests */,
				1FD8122B2B08E1D1009886A9 /* ViewModelsTest.swift */,
				1FDC49712B0639B500A78513 /* ModelsTests.swift */,
			);
			path = AppSwifUIInmaBautistaTests;
			sourceTree = "<group>";
		};
		1FDC498C2B063CE600A78513 /* Models */ = {
			isa = PBXGroup;
			children = (
				1FE2BFAA2B07F16700EB71C1 /* ResponseModel.swift */,
				1FDC49A22B064A1600A78513 /* CharacterModel.swift */,
				1FE2BFA82B07EF3500EB71C1 /* SerieModel.swift */,
				1FE2BFAC2B07F1CC00EB71C1 /* ThumbnailModel.swift */,
				1FDC49A62B066FC600A78513 /* StatusModel.swift */,
				1F10CB602B076315009F51D5 /* CharacterFake.swift */,
				1FE2BFB02B07F4BB00EB71C1 /* SeriesFake.swift */,
			);
			path = Models;
			sourceTree = "<group>";
		};
		1FDC498D2B063D1500A78513 /* Services */ = {
			isa = PBXGroup;
			children = (
				1FDC499E2B06407200A78513 /* BaseNetwork.swift */,
				1FDC49A02B06408400A78513 /* Networker.swift */,
			);
			path = Services;
			sourceTree = "<group>";
		};
		1FDC498E2B063D4300A78513 /* ViewModels */ = {
			isa = PBXGroup;
			children = (
				1FDC499A2B06401C00A78513 /* RootViewModel.swift */,
				1FDC499C2B06403600A78513 /* SeriesViewModel.swift */,
			);
			path = ViewModels;
			sourceTree = "<group>";
		};
		1FDC498F2B063D5000A78513 /* View */ = {
			isa = PBXGroup;
			children = (
				1FE2BFA32B07EA9500EB71C1 /* Series */,
				1FDC49952B063E7900A78513 /* Characters */,
				1FDC49902B063D6100A78513 /* Tools */,
				1FDC49A42B066F4900A78513 /* RootView.swift */,
			);
			path = View;
			sourceTree = "<group>";
		};
		1FDC49902B063D6100A78513 /* Tools */ = {
			isa = PBXGroup;
			children = (
				1FDC49912B063D7700A78513 /* LoaderView.swift */,
				1FDC49932B063D8800A78513 /* ErrorView.swift */,
				1FD812342B092C5F009886A9 /* LaunchView.swift */,
			);
			path = Tools;
			sourceTree = "<group>";
		};
		1FDC49952B063E7900A78513 /* Characters */ = {
			isa = PBXGroup;
			children = (
				1FDC49962B063FC100A78513 /* CharactersView.swift */,
				1FDC49982B063FF800A78513 /* CharacterRowView.swift */,
			);
			path = Characters;
			sourceTree = "<group>";
		};
		1FDC49A92B06740800A78513 /* Presentation */ = {
			isa = PBXGroup;
			children = (
				1FDC498F2B063D5000A78513 /* View */,
				1FDC498E2B063D4300A78513 /* ViewModels */,
			);
			path = Presentation;
			sourceTree = "<group>";
		};
		1FDC49AA2B06741800A78513 /* Domain */ = {
			isa = PBXGroup;
			children = (
				1FDC49AB2B06743200A78513 /* UseCase */,
				1FDC498C2B063CE600A78513 /* Models */,
			);
			path = Domain;
			sourceTree = "<group>";
		};
		1FDC49AB2B06743200A78513 /* UseCase */ = {
			isa = PBXGroup;
			children = (
				1FD812292B08B8F7009886A9 /* CharactersUseCase.swift */,
				1FD8122D2B08E62C009886A9 /* SeriesUseCase.swift */,
			);
			path = UseCase;
			sourceTree = "<group>";
		};
		1FDC49AE2B06746E00A78513 /* Data */ = {
			isa = PBXGroup;
			children = (
				1FDC498D2B063D1500A78513 /* Services */,
			);
			path = Data;
			sourceTree = "<group>";
		};
		1FE2BFA32B07EA9500EB71C1 /* Series */ = {
			isa = PBXGroup;
			children = (
				1FE2BFA42B07EAB300EB71C1 /* SeriesView.swift */,
				1FE2BFA62B07EAC600EB71C1 /* SeriesRowView.swift */,
				1F2DD9052B09548D0070D95D /* PrincipalSeriesView.swift */,
			);
			path = Series;
			sourceTree = "<group>";
		};
/* End PBXGroup section */

/* Begin PBXNativeTarget section */
		1FDC495B2B0639B200A78513 /* AppSwifUIInmaBautista */ = {
			isa = PBXNativeTarget;
			buildConfigurationList = 1FDC49812B0639B500A78513 /* Build configuration list for PBXNativeTarget "AppSwifUIInmaBautista" */;
			buildPhases = (
				1FDC49582B0639B200A78513 /* Sources */,
				1FDC49592B0639B200A78513 /* Frameworks */,
				1FDC495A2B0639B200A78513 /* Resources */,
			);
			buildRules = (
			);
			dependencies = (
			);
			name = AppSwifUIInmaBautista;
			packageProductDependencies = (
			);
			productName = AppSwifUIInmaBautista;
			productReference = 1FDC495C2B0639B200A78513 /* AppSwifUIInmaBautista.app */;
			productType = "com.apple.product-type.application";
		};
		1FDC496C2B0639B500A78513 /* AppSwifUIInmaBautistaTests */ = {
			isa = PBXNativeTarget;
			buildConfigurationList = 1FDC49842B0639B500A78513 /* Build configuration list for PBXNativeTarget "AppSwifUIInmaBautistaTests" */;
			buildPhases = (
				1FDC49692B0639B500A78513 /* Sources */,
				1FDC496A2B0639B500A78513 /* Frameworks */,
				1FDC496B2B0639B500A78513 /* Resources */,
			);
			buildRules = (
			);
			dependencies = (
				1FDC496F2B0639B500A78513 /* PBXTargetDependency */,
			);
			name = AppSwifUIInmaBautistaTests;
			packageProductDependencies = (
				1F2DD9032B0942560070D95D /* ViewInspector */,
			);
			productName = AppSwifUIInmaBautistaTests;
			productReference = 1FDC496D2B0639B500A78513 /* AppSwifUIInmaBautistaTests.xctest */;
			productType = "com.apple.product-type.bundle.unit-test";
		};
/* End PBXNativeTarget section */

/* Begin PBXProject section */
		1FDC49542B0639B100A78513 /* Project object */ = {
			isa = PBXProject;
			attributes = {
				BuildIndependentTargetsInParallel = 1;
				LastSwiftUpdateCheck = 1420;
				LastUpgradeCheck = 1420;
				TargetAttributes = {
					1FDC495B2B0639B200A78513 = {
						CreatedOnToolsVersion = 14.2;
					};
					1FDC496C2B0639B500A78513 = {
						CreatedOnToolsVersion = 14.2;
						TestTargetID = 1FDC495B2B0639B200A78513;
					};
				};
			};
			buildConfigurationList = 1FDC49572B0639B100A78513 /* Build configuration list for PBXProject "AppSwifUIInmaBautista" */;
			compatibilityVersion = "Xcode 14.0";
			developmentRegion = en;
			hasScannedForEncodings = 0;
			knownRegions = (
				en,
				Base,
			);
			mainGroup = 1FDC49532B0639B100A78513;
			packageReferences = (
				1F2DD9022B0942560070D95D /* XCRemoteSwiftPackageReference "ViewInspector" */,
			);
			productRefGroup = 1FDC495D2B0639B200A78513 /* Products */;
			projectDirPath = "";
			projectRoot = "";
			targets = (
				1FDC495B2B0639B200A78513 /* AppSwifUIInmaBautista */,
				1FDC496C2B0639B500A78513 /* AppSwifUIInmaBautistaTests */,
			);
		};
/* End PBXProject section */

/* Begin PBXResourcesBuildPhase section */
		1FDC495A2B0639B200A78513 /* Resources */ = {
			isa = PBXResourcesBuildPhase;
			buildActionMask = 2147483647;
			files = (
				1FDC49682B0639B400A78513 /* Preview Assets.xcassets in Resources */,
				1FDC49642B0639B400A78513 /* Assets.xcassets in Resources */,
			);
			runOnlyForDeploymentPostprocessing = 0;
		};
		1FDC496B2B0639B500A78513 /* Resources */ = {
			isa = PBXResourcesBuildPhase;
			buildActionMask = 2147483647;
			files = (
			);
			runOnlyForDeploymentPostprocessing = 0;
		};
/* End PBXResourcesBuildPhase section */

/* Begin PBXSourcesBuildPhase section */
		1FDC49582B0639B200A78513 /* Sources */ = {
			isa = PBXSourcesBuildPhase;
			buildActionMask = 2147483647;
			files = (
				1FD812352B092C5F009886A9 /* LaunchView.swift in Sources */,
				1FDC49A72B066FC600A78513 /* StatusModel.swift in Sources */,
				1FDC499B2B06401C00A78513 /* RootViewModel.swift in Sources */,
				1FDC49A32B064A1600A78513 /* CharacterModel.swift in Sources */,
				1FE2BFB12B07F4BB00EB71C1 /* SeriesFake.swift in Sources */,
				1F10CB612B076315009F51D5 /* CharacterFake.swift in Sources */,
				1FD8122E2B08E62C009886A9 /* SeriesUseCase.swift in Sources */,
				1FDC49972B063FC100A78513 /* CharactersView.swift in Sources */,
				1FDC499F2B06407200A78513 /* BaseNetwork.swift in Sources */,
				1F2DD9062B09548D0070D95D /* PrincipalSeriesView.swift in Sources */,
				1FDC49602B0639B200A78513 /* AppSwifUIInmaBautistaApp.swift in Sources */,
				1FE2BFA92B07EF3500EB71C1 /* SerieModel.swift in Sources */,
				1FDC49A12B06408400A78513 /* Networker.swift in Sources */,
				1FE2BFAB2B07F16700EB71C1 /* ResponseModel.swift in Sources */,
				1FDC499D2B06403600A78513 /* SeriesViewModel.swift in Sources */,
				1FDC49A52B066F4900A78513 /* RootView.swift in Sources */,
				1FDC49992B063FF800A78513 /* CharacterRowView.swift in Sources */,
				1FE2BFA72B07EAC600EB71C1 /* SeriesRowView.swift in Sources */,
				1FDC49922B063D7700A78513 /* LoaderView.swift in Sources */,
				1FE2BFAD2B07F1CC00EB71C1 /* ThumbnailModel.swift in Sources */,
				1FD8122A2B08B8F7009886A9 /* CharactersUseCase.swift in Sources */,
				1FDC49942B063D8800A78513 /* ErrorView.swift in Sources */,
				1FE2BFA52B07EAB300EB71C1 /* SeriesView.swift in Sources */,
			);
			runOnlyForDeploymentPostprocessing = 0;
		};
		1FDC49692B0639B500A78513 /* Sources */ = {
			isa = PBXSourcesBuildPhase;
			buildActionMask = 2147483647;
			files = (
				1FD8122C2B08E1D1009886A9 /* ViewModelsTest.swift in Sources */,
				1FD812302B092868009886A9 /* UIViewTest.swift in Sources */,
				1FDC49722B0639B500A78513 /* ModelsTests.swift in Sources */,
			);
			runOnlyForDeploymentPostprocessing = 0;
		};
/* End PBXSourcesBuildPhase section */

/* Begin PBXTargetDependency section */
		1FDC496F2B0639B500A78513 /* PBXTargetDependency */ = {
			isa = PBXTargetDependency;
			target = 1FDC495B2B0639B200A78513 /* AppSwifUIInmaBautista */;
			targetProxy = 1FDC496E2B0639B500A78513 /* PBXContainerItemProxy */;
		};
/* End PBXTargetDependency section */

/* Begin XCBuildConfiguration section */
		1FDC497F2B0639B500A78513 /* Debug */ = {
			isa = XCBuildConfiguration;
			buildSettings = {
				ALWAYS_SEARCH_USER_PATHS = NO;
				CLANG_ANALYZER_NONNULL = YES;
				CLANG_ANALYZER_NUMBER_OBJECT_CONVERSION = YES_AGGRESSIVE;
				CLANG_CXX_LANGUAGE_STANDARD = "gnu++20";
				CLANG_ENABLE_MODULES = YES;
				CLANG_ENABLE_OBJC_ARC = YES;
				CLANG_ENABLE_OBJC_WEAK = YES;
				CLANG_WARN_BLOCK_CAPTURE_AUTORELEASING = YES;
				CLANG_WARN_BOOL_CONVERSION = YES;
				CLANG_WARN_COMMA = YES;
				CLANG_WARN_CONSTANT_CONVERSION = YES;
				CLANG_WARN_DEPRECATED_OBJC_IMPLEMENTATIONS = YES;
				CLANG_WARN_DIRECT_OBJC_ISA_USAGE = YES_ERROR;
				CLANG_WARN_DOCUMENTATION_COMMENTS = YES;
				CLANG_WARN_EMPTY_BODY = YES;
				CLANG_WARN_ENUM_CONVERSION = YES;
				CLANG_WARN_INFINITE_RECURSION = YES;
				CLANG_WARN_INT_CONVERSION = YES;
				CLANG_WARN_NON_LITERAL_NULL_CONVERSION = YES;
				CLANG_WARN_OBJC_IMPLICIT_RETAIN_SELF = YES;
				CLANG_WARN_OBJC_LITERAL_CONVERSION = YES;
				CLANG_WARN_OBJC_ROOT_CLASS = YES_ERROR;
				CLANG_WARN_QUOTED_INCLUDE_IN_FRAMEWORK_HEADER = YES;
				CLANG_WARN_RANGE_LOOP_ANALYSIS = YES;
				CLANG_WARN_STRICT_PROTOTYPES = YES;
				CLANG_WARN_SUSPICIOUS_MOVE = YES;
				CLANG_WARN_UNGUARDED_AVAILABILITY = YES_AGGRESSIVE;
				CLANG_WARN_UNREACHABLE_CODE = YES;
				CLANG_WARN__DUPLICATE_METHOD_MATCH = YES;
				COPY_PHASE_STRIP = NO;
				DEBUG_INFORMATION_FORMAT = dwarf;
				ENABLE_STRICT_OBJC_MSGSEND = YES;
				ENABLE_TESTABILITY = YES;
				GCC_C_LANGUAGE_STANDARD = gnu11;
				GCC_DYNAMIC_NO_PIC = NO;
				GCC_NO_COMMON_BLOCKS = YES;
				GCC_OPTIMIZATION_LEVEL = 0;
				GCC_PREPROCESSOR_DEFINITIONS = (
					"DEBUG=1",
					"$(inherited)",
				);
				GCC_WARN_64_TO_32_BIT_CONVERSION = YES;
				GCC_WARN_ABOUT_RETURN_TYPE = YES_ERROR;
				GCC_WARN_UNDECLARED_SELECTOR = YES;
				GCC_WARN_UNINITIALIZED_AUTOS = YES_AGGRESSIVE;
				GCC_WARN_UNUSED_FUNCTION = YES;
				GCC_WARN_UNUSED_VARIABLE = YES;
				MTL_ENABLE_DEBUG_INFO = INCLUDE_SOURCE;
				MTL_FAST_MATH = YES;
				ONLY_ACTIVE_ARCH = YES;
				SWIFT_ACTIVE_COMPILATION_CONDITIONS = DEBUG;
				SWIFT_OPTIMIZATION_LEVEL = "-Onone";
			};
			name = Debug;
		};
		1FDC49802B0639B500A78513 /* Release */ = {
			isa = XCBuildConfiguration;
			buildSettings = {
				ALWAYS_SEARCH_USER_PATHS = NO;
				CLANG_ANALYZER_NONNULL = YES;
				CLANG_ANALYZER_NUMBER_OBJECT_CONVERSION = YES_AGGRESSIVE;
				CLANG_CXX_LANGUAGE_STANDARD = "gnu++20";
				CLANG_ENABLE_MODULES = YES;
				CLANG_ENABLE_OBJC_ARC = YES;
				CLANG_ENABLE_OBJC_WEAK = YES;
				CLANG_WARN_BLOCK_CAPTURE_AUTORELEASING = YES;
				CLANG_WARN_BOOL_CONVERSION = YES;
				CLANG_WARN_COMMA = YES;
				CLANG_WARN_CONSTANT_CONVERSION = YES;
				CLANG_WARN_DEPRECATED_OBJC_IMPLEMENTATIONS = YES;
				CLANG_WARN_DIRECT_OBJC_ISA_USAGE = YES_ERROR;
				CLANG_WARN_DOCUMENTATION_COMMENTS = YES;
				CLANG_WARN_EMPTY_BODY = YES;
				CLANG_WARN_ENUM_CONVERSION = YES;
				CLANG_WARN_INFINITE_RECURSION = YES;
				CLANG_WARN_INT_CONVERSION = YES;
				CLANG_WARN_NON_LITERAL_NULL_CONVERSION = YES;
				CLANG_WARN_OBJC_IMPLICIT_RETAIN_SELF = YES;
				CLANG_WARN_OBJC_LITERAL_CONVERSION = YES;
				CLANG_WARN_OBJC_ROOT_CLASS = YES_ERROR;
				CLANG_WARN_QUOTED_INCLUDE_IN_FRAMEWORK_HEADER = YES;
				CLANG_WARN_RANGE_LOOP_ANALYSIS = YES;
				CLANG_WARN_STRICT_PROTOTYPES = YES;
				CLANG_WARN_SUSPICIOUS_MOVE = YES;
				CLANG_WARN_UNGUARDED_AVAILABILITY = YES_AGGRESSIVE;
				CLANG_WARN_UNREACHABLE_CODE = YES;
				CLANG_WARN__DUPLICATE_METHOD_MATCH = YES;
				COPY_PHASE_STRIP = NO;
				DEBUG_INFORMATION_FORMAT = "dwarf-with-dsym";
				ENABLE_NS_ASSERTIONS = NO;
				ENABLE_STRICT_OBJC_MSGSEND = YES;
				GCC_C_LANGUAGE_STANDARD = gnu11;
				GCC_NO_COMMON_BLOCKS = YES;
				GCC_WARN_64_TO_32_BIT_CONVERSION = YES;
				GCC_WARN_ABOUT_RETURN_TYPE = YES_ERROR;
				GCC_WARN_UNDECLARED_SELECTOR = YES;
				GCC_WARN_UNINITIALIZED_AUTOS = YES_AGGRESSIVE;
				GCC_WARN_UNUSED_FUNCTION = YES;
				GCC_WARN_UNUSED_VARIABLE = YES;
				MTL_ENABLE_DEBUG_INFO = NO;
				MTL_FAST_MATH = YES;
				SWIFT_COMPILATION_MODE = wholemodule;
				SWIFT_OPTIMIZATION_LEVEL = "-O";
			};
			name = Release;
		};
		1FDC49822B0639B500A78513 /* Debug */ = {
			isa = XCBuildConfiguration;
			buildSettings = {
				ASSETCATALOG_COMPILER_APPICON_NAME = AppIcon;
				ASSETCATALOG_COMPILER_GLOBAL_ACCENT_COLOR_NAME = AccentColor;
				CODE_SIGN_ENTITLEMENTS = AppSwifUIInmaBautista/AppSwifUIInmaBautista.entitlements;
				CODE_SIGN_STYLE = Automatic;
				CURRENT_PROJECT_VERSION = 1;
				DEVELOPMENT_ASSET_PATHS = "\"AppSwifUIInmaBautista/Preview Content\"";
				DEVELOPMENT_TEAM = Z6336UHQ5Z;
				ENABLE_HARDENED_RUNTIME = YES;
				ENABLE_PREVIEWS = YES;
				GENERATE_INFOPLIST_FILE = YES;
				INFOPLIST_FILE = AppSwifUIInmaBautista/Info.plist;
				"INFOPLIST_KEY_UIApplicationSceneManifest_Generation[sdk=iphoneos*]" = YES;
				"INFOPLIST_KEY_UIApplicationSceneManifest_Generation[sdk=iphonesimulator*]" = YES;
				"INFOPLIST_KEY_UIApplicationSupportsIndirectInputEvents[sdk=iphoneos*]" = YES;
				"INFOPLIST_KEY_UIApplicationSupportsIndirectInputEvents[sdk=iphonesimulator*]" = YES;
				"INFOPLIST_KEY_UILaunchScreen_Generation[sdk=iphoneos*]" = YES;
				"INFOPLIST_KEY_UILaunchScreen_Generation[sdk=iphonesimulator*]" = YES;
				"INFOPLIST_KEY_UIStatusBarStyle[sdk=iphoneos*]" = UIStatusBarStyleDefault;
				"INFOPLIST_KEY_UIStatusBarStyle[sdk=iphonesimulator*]" = UIStatusBarStyleDefault;
				INFOPLIST_KEY_UISupportedInterfaceOrientations_iPad = "UIInterfaceOrientationPortrait UIInterfaceOrientationPortraitUpsideDown UIInterfaceOrientationLandscapeLeft UIInterfaceOrientationLandscapeRight";
				INFOPLIST_KEY_UISupportedInterfaceOrientations_iPhone = "UIInterfaceOrientationPortrait UIInterfaceOrientationLandscapeLeft UIInterfaceOrientationLandscapeRight";
				IPHONEOS_DEPLOYMENT_TARGET = 16.2;
				LD_RUNPATH_SEARCH_PATHS = "@executable_path/Frameworks";
				"LD_RUNPATH_SEARCH_PATHS[sdk=macosx*]" = "@executable_path/../Frameworks";
				MACOSX_DEPLOYMENT_TARGET = 12.7;
				MARKETING_VERSION = 1.0;
				PRODUCT_BUNDLE_IDENTIFIER = IBV.AppSwifUIInmaBautista;
				PRODUCT_NAME = "$(TARGET_NAME)";
				SDKROOT = auto;
				SUPPORTED_PLATFORMS = "iphoneos iphonesimulator macosx";
				SWIFT_EMIT_LOC_STRINGS = YES;
				SWIFT_VERSION = 5.0;
				TARGETED_DEVICE_FAMILY = "1,2";
			};
			name = Debug;
		};
		1FDC49832B0639B500A78513 /* Release */ = {
			isa = XCBuildConfiguration;
			buildSettings = {
				ASSETCATALOG_COMPILER_APPICON_NAME = AppIcon;
				ASSETCATALOG_COMPILER_GLOBAL_ACCENT_COLOR_NAME = AccentColor;
				CODE_SIGN_ENTITLEMENTS = AppSwifUIInmaBautista/AppSwifUIInmaBautista.entitlements;
				CODE_SIGN_STYLE = Automatic;
				CURRENT_PROJECT_VERSION = 1;
				DEVELOPMENT_ASSET_PATHS = "\"AppSwifUIInmaBautista/Preview Content\"";
				DEVELOPMENT_TEAM = Z6336UHQ5Z;
				ENABLE_HARDENED_RUNTIME = YES;
				ENABLE_PREVIEWS = YES;
				GENERATE_INFOPLIST_FILE = YES;
				INFOPLIST_FILE = AppSwifUIInmaBautista/Info.plist;
				"INFOPLIST_KEY_UIApplicationSceneManifest_Generation[sdk=iphoneos*]" = YES;
				"INFOPLIST_KEY_UIApplicationSceneManifest_Generation[sdk=iphonesimulator*]" = YES;
				"INFOPLIST_KEY_UIApplicationSupportsIndirectInputEvents[sdk=iphoneos*]" = YES;
				"INFOPLIST_KEY_UIApplicationSupportsIndirectInputEvents[sdk=iphonesimulator*]" = YES;
				"INFOPLIST_KEY_UILaunchScreen_Generation[sdk=iphoneos*]" = YES;
				"INFOPLIST_KEY_UILaunchScreen_Generation[sdk=iphonesimulator*]" = YES;
				"INFOPLIST_KEY_UIStatusBarStyle[sdk=iphoneos*]" = UIStatusBarStyleDefault;
				"INFOPLIST_KEY_UIStatusBarStyle[sdk=iphonesimulator*]" = UIStatusBarStyleDefault;
				INFOPLIST_KEY_UISupportedInterfaceOrientations_iPad = "UIInterfaceOrientationPortrait UIInterfaceOrientationPortraitUpsideDown UIInterfaceOrientationLandscapeLeft UIInterfaceOrientationLandscapeRight";
				INFOPLIST_KEY_UISupportedInterfaceOrientations_iPhone = "UIInterfaceOrientationPortrait UIInterfaceOrientationLandscapeLeft UIInterfaceOrientationLandscapeRight";
				IPHONEOS_DEPLOYMENT_TARGET = 16.2;
				LD_RUNPATH_SEARCH_PATHS = "@executable_path/Frameworks";
				"LD_RUNPATH_SEARCH_PATHS[sdk=macosx*]" = "@executable_path/../Frameworks";
				MACOSX_DEPLOYMENT_TARGET = 12.7;
				MARKETING_VERSION = 1.0;
				PRODUCT_BUNDLE_IDENTIFIER = IBV.AppSwifUIInmaBautista;
				PRODUCT_NAME = "$(TARGET_NAME)";
				SDKROOT = auto;
				SUPPORTED_PLATFORMS = "iphoneos iphonesimulator macosx";
				SWIFT_EMIT_LOC_STRINGS = YES;
				SWIFT_VERSION = 5.0;
				TARGETED_DEVICE_FAMILY = "1,2";
			};
			name = Release;
		};
		1FDC49852B0639B500A78513 /* Debug */ = {
			isa = XCBuildConfiguration;
			buildSettings = {
				ALWAYS_EMBED_SWIFT_STANDARD_LIBRARIES = YES;
				BUNDLE_LOADER = "$(TEST_HOST)";
				CODE_SIGN_STYLE = Automatic;
				CURRENT_PROJECT_VERSION = 1;
				DEVELOPMENT_TEAM = Z6336UHQ5Z;
				GENERATE_INFOPLIST_FILE = YES;
				IPHONEOS_DEPLOYMENT_TARGET = 16.2;
				MACOSX_DEPLOYMENT_TARGET = 12.7;
				MARKETING_VERSION = 1.0;
				PRODUCT_BUNDLE_IDENTIFIER = IBV.AppSwifUIInmaBautistaTests;
				PRODUCT_NAME = "$(TARGET_NAME)";
				SDKROOT = auto;
				SUPPORTED_PLATFORMS = "iphoneos iphonesimulator macosx";
				SUPPORTS_MACCATALYST = NO;
				SUPPORTS_MAC_DESIGNED_FOR_IPHONE_IPAD = NO;
				SWIFT_EMIT_LOC_STRINGS = NO;
				SWIFT_VERSION = 5.0;
				TARGETED_DEVICE_FAMILY = "1,2";
				TEST_HOST = "$(BUILT_PRODUCTS_DIR)/AppSwifUIInmaBautista.app/$(BUNDLE_EXECUTABLE_FOLDER_PATH)/AppSwifUIInmaBautista";
			};
			name = Debug;
		};
		1FDC49862B0639B500A78513 /* Release */ = {
			isa = XCBuildConfiguration;
			buildSettings = {
				ALWAYS_EMBED_SWIFT_STANDARD_LIBRARIES = YES;
				BUNDLE_LOADER = "$(TEST_HOST)";
				CODE_SIGN_STYLE = Automatic;
				CURRENT_PROJECT_VERSION = 1;
				DEVELOPMENT_TEAM = Z6336UHQ5Z;
				GENERATE_INFOPLIST_FILE = YES;
				IPHONEOS_DEPLOYMENT_TARGET = 16.2;
				MACOSX_DEPLOYMENT_TARGET = 12.7;
				MARKETING_VERSION = 1.0;
				PRODUCT_BUNDLE_IDENTIFIER = IBV.AppSwifUIInmaBautistaTests;
				PRODUCT_NAME = "$(TARGET_NAME)";
				SDKROOT = auto;
				SUPPORTED_PLATFORMS = "iphoneos iphonesimulator macosx";
				SUPPORTS_MACCATALYST = NO;
				SUPPORTS_MAC_DESIGNED_FOR_IPHONE_IPAD = NO;
				SWIFT_EMIT_LOC_STRINGS = NO;
				SWIFT_VERSION = 5.0;
				TARGETED_DEVICE_FAMILY = "1,2";
				TEST_HOST = "$(BUILT_PRODUCTS_DIR)/AppSwifUIInmaBautista.app/$(BUNDLE_EXECUTABLE_FOLDER_PATH)/AppSwifUIInmaBautista";
			};
			name = Release;
		};
/* End XCBuildConfiguration section */

/* Begin XCConfigurationList section */
		1FDC49572B0639B100A78513 /* Build configuration list for PBXProject "AppSwifUIInmaBautista" */ = {
			isa = XCConfigurationList;
			buildConfigurations = (
				1FDC497F2B0639B500A78513 /* Debug */,
				1FDC49802B0639B500A78513 /* Release */,
			);
			defaultConfigurationIsVisible = 0;
			defaultConfigurationName = Release;
		};
		1FDC49812B0639B500A78513 /* Build configuration list for PBXNativeTarget "AppSwifUIInmaBautista" */ = {
			isa = XCConfigurationList;
			buildConfigurations = (
				1FDC49822B0639B500A78513 /* Debug */,
				1FDC49832B0639B500A78513 /* Release */,
			);
			defaultConfigurationIsVisible = 0;
			defaultConfigurationName = Release;
		};
		1FDC49842B0639B500A78513 /* Build configuration list for PBXNativeTarget "AppSwifUIInmaBautistaTests" */ = {
			isa = XCConfigurationList;
			buildConfigurations = (
				1FDC49852B0639B500A78513 /* Debug */,
				1FDC49862B0639B500A78513 /* Release */,
			);
			defaultConfigurationIsVisible = 0;
			defaultConfigurationName = Release;
		};
/* End XCConfigurationList section */

/* Begin XCRemoteSwiftPackageReference section */
		1F2DD9022B0942560070D95D /* XCRemoteSwiftPackageReference "ViewInspector" */ = {
			isa = XCRemoteSwiftPackageReference;
			repositoryURL = "https://github.com/nalexn/ViewInspector";
			requirement = {
				kind = upToNextMajorVersion;
				minimumVersion = 0.9.8;
			};
		};
/* End XCRemoteSwiftPackageReference section */

/* Begin XCSwiftPackageProductDependency section */
		1F2DD9032B0942560070D95D /* ViewInspector */ = {
			isa = XCSwiftPackageProductDependency;
			package = 1F2DD9022B0942560070D95D /* XCRemoteSwiftPackageReference "ViewInspector" */;
			productName = ViewInspector;
		};
/* End XCSwiftPackageProductDependency section */
	};
	rootObject = 1FDC49542B0639B100A78513 /* Project object */;
}
